
Microsoft Visual Studio Solution File, Format Version 12.00
# Visual Studio Version 16
VisualStudioVersion = 16.0.28803.202
MinimumVisualStudioVersion = 10.0.40219.1
Project("{FAE04EC0-301F-11D3-BF4B-00C04F79EFBC}") = "KRTP", "KRTP.csproj", "{CC3EEA78-CD61-4663-8CBD-92F8F3220772}"
EndProject
Global
	GlobalSection(SolutionConfigurationPlatforms) = preSolution
		Debug|Any CPU = Debug|Any CPU
		Release|Any CPU = Release|Any CPU
	EndGlobalSection
	GlobalSection(ProjectConfigurationPlatforms) = postSolution
		{CC3EEA78-CD61-4663-8CBD-92F8F3220772}.Debug|Any CPU.ActiveCfg = Debug|Any CPU
		{CC3EEA78-CD61-4663-8CBD-92F8F3220772}.Debug|Any CPU.Build.0 = Debug|Any CPU
		{CC3EEA78-CD61-4663-8CBD-92F8F3220772}.Release|Any CPU.ActiveCfg = Release|Any CPU
		{CC3EEA78-CD61-4663-8CBD-92F8F3220772}.Release|Any CPU.Build.0 = Release|Any CPU
	EndGlobalSection
	GlobalSection(SolutionProperties) = preSolution
		HideSolutionNode = FALSE
	EndGlobalSection
	GlobalSection(ExtensibilityGlobals) = postSolution
		SolutionGuid = {3E0A9B49-B7AB-4916-96F3-AC12940A8558}
	EndGlobalSection
EndGlobal
